<?xml version="1.0" encoding="utf-8"?>
<Project ToolsVersion="4.0" xmlns="http://schemas.microsoft.com/developer/msbuild/2003">
  <ItemGroup>
    <Filter Include="Utils">
      <UniqueIdentifier>{93995380-89BD-4b04-88EB-625FBE52EBFB}</UniqueIdentifier>
      <Extensions>h;hh;hpp;hxx;hm;inl;inc;xsd</Extensions>
    </Filter>
    <Filter Include="Windows">
      <UniqueIdentifier>{e2486fdc-5298-4f39-b503-bc61bf0d12e1}</UniqueIdentifier>
    </Filter>
    <Filter Include="IO">
      <UniqueIdentifier>{a02a3a5f-af08-4dbc-ac6b-20fa6f443c2b}</UniqueIdentifier>
    </Filter>
    <Filter Include="Library">
      <UniqueIdentifier>{df38b074-ef85-4bc7-85de-b4a99bfc714c}</UniqueIdentifier>
    </Filter>
    <Filter Include="Traits">
      <UniqueIdentifier>{ce523859-5ee2-43f8-b21f-3af9d6e09960}</UniqueIdentifier>
    </Filter>
    <Filter Include="Casts">
      <UniqueIdentifier>{c87566f0-4061-4044-8441-c57018917086}</UniqueIdentifier>
    </Filter>
    <Filter Include="Threads">
      <UniqueIdentifier>{cde9f3cb-9a04-4059-b294-8046d022bc5c}</UniqueIdentifier>
    </Filter>
    <Filter Include="Resources">
      <UniqueIdentifier>{67DA6AB6-F800-4c08-8B7A-83BB121AAD01}</UniqueIdentifier>
      <Extensions>rc;ico;cur;bmp;dlg;rc2;rct;bin;rgs;gif;jpg;jpeg;jpe;resx;tiff;tif;png;wav;mfcribbon-ms</Extensions>
    </Filter>
    <Filter Include="GDI">
      <UniqueIdentifier>{3be69926-4c2b-4187-8395-0db5ed982161}</UniqueIdentifier>
    </Filter>
    <Filter Include="Platform">
      <UniqueIdentifier>{e7f2565f-c4b3-4b98-9cde-ca1f7a7b3d76}</UniqueIdentifier>
    </Filter>
    <Filter Include="Modules">
      <UniqueIdentifier>{822d32d8-6b48-4e4e-b249-2cf7dba0b501}</UniqueIdentifier>
    </Filter>
    <Filter Include="Windows\Skins">
      <UniqueIdentifier>{057bd3f3-5e0d-4c11-b455-019d0b3622d1}</UniqueIdentifier>
    </Filter>
    <Filter Include="Windows\Events">
      <UniqueIdentifier>{cde07ef2-4070-4f6e-94a4-31cce50156af}</UniqueIdentifier>
    </Filter>
    <Filter Include="Windows\Properties">
      <UniqueIdentifier>{db7c4fd7-5d47-4b72-9970-194a584151c2}</UniqueIdentifier>
    </Filter>
    <Filter Include="Windows\Commands">
      <UniqueIdentifier>{c81d367b-8529-4646-b6fd-9e27f97b2c60}</UniqueIdentifier>
    </Filter>
    <Filter Include="Windows\Controls">
      <UniqueIdentifier>{91107341-b953-44d9-bad6-992eb6673761}</UniqueIdentifier>
    </Filter>
    <Filter Include="Windows\Controls\Button">
      <UniqueIdentifier>{cf76ca2e-3cdc-4671-9d56-c3202c9f7964}</UniqueIdentifier>
    </Filter>
    <Filter Include="Windows\Controls\Edit">
      <UniqueIdentifier>{66f467e5-0aea-487a-b099-64cfb70be63c}</UniqueIdentifier>
    </Filter>
    <Filter Include="Windows\Controls\RadioButton">
      <UniqueIdentifier>{dd6d8de3-fc98-4e83-98b8-3b41e0e80824}</UniqueIdentifier>
    </Filter>
    <Filter Include="Windows\Controls\CheckBox">
      <UniqueIdentifier>{9466c940-c401-4dac-9b51-b442951e8907}</UniqueIdentifier>
    </Filter>
    <Filter Include="Windows\Controls\Static">
      <UniqueIdentifier>{4fbd8e26-4664-4cd9-a42e-3cd2462567cb}</UniqueIdentifier>
    </Filter>
    <Filter Include="Windows\Controls\RichEdit">
      <UniqueIdentifier>{f9207482-1ac3-4975-b769-e7d886beddad}</UniqueIdentifier>
    </Filter>
    <Filter Include="Windows\Controls\ComboBox">
      <UniqueIdentifier>{f68b24a6-93f2-4206-8c3f-017523edb531}</UniqueIdentifier>
    </Filter>
  </ItemGroup>
  <ItemGroup>
    <ClInclude Include="io\BinaryReader.hpp">
      <Filter>IO</Filter>
    </ClInclude>
    <ClInclude Include="io\BinaryWriter.hpp">
      <Filter>IO</Filter>
    </ClInclude>
    <ClInclude Include="io\LogFileWriter.hpp">
      <Filter>IO</Filter>
    </ClInclude>
    <ClInclude Include="io\RichTextWriter.hpp">
      <Filter>IO</Filter>
    </ClInclude>
    <ClInclude Include="io\StreamIterator.hpp">
      <Filter>IO</Filter>
    </ClInclude>
    <ClInclude Include="io\TextReader.hpp">
      <Filter>IO</Filter>
    </ClInclude>
    <ClInclude Include="io\TextWriter.hpp">
      <Filter>IO</Filter>
    </ClInclude>
    <ClInclude Include="io\XmlReader.hpp">
      <Filter>IO</Filter>
    </ClInclude>
    <ClInclude Include="io\XmlWriter.hpp">
      <Filter>IO</Filter>
    </ClInclude>
    <ClInclude Include="WTL.hpp">
      <Filter>Library</Filter>
    </ClInclude>
    <ClInclude Include="Macros.h">
      <Filter>Library</Filter>
    </ClInclude>
    <ClInclude Include="utils\Adapters.hpp">
      <Filter>Utils</Filter>
    </ClInclude>
    <ClInclude Include="utils\Bitset.hpp">
      <Filter>Utils</Filter>
    </ClInclude>
    <ClInclude Include="utils\chararray.hpp">
      <Filter>Utils</Filter>
    </ClInclude>
    <ClInclude Include="utils\DynamicArray.hpp">
      <Filter>Utils</Filter>
    </ClInclude>
    <ClInclude Include="utils\Exception.hpp">
      <Filter>Utils</Filter>
    </ClInclude>
    <ClInclude Include="utils\FixedArray.hpp">
      <Filter>Utils</Filter>
    </ClInclude>
    <ClInclude Include="utils\Lazy.hpp">
      <Filter>Utils</Filter>
    </ClInclude>
    <ClInclude Include="utils\Range.hpp">
      <Filter>Utils</Filter>
    </ClInclude>
    <ClInclude Include="utils\Handle.hpp">
      <Filter>Utils</Filter>
    </ClInclude>
    <ClInclude Include="traits\EnumTraits.hpp">
      <Filter>Traits</Filter>
    </ClInclude>
    <ClInclude Include="traits\FileSearchTraits.hpp">
      <Filter>Traits</Filter>
    </ClInclude>
    <ClInclude Include="traits\PenTraits.hpp">
      <Filter>Traits</Filter>
    </ClInclude>
    <ClInclude Include="traits\ResourceTraits.hpp">
      <Filter>Traits</Filter>
    </ClInclude>
    <ClInclude Include="traits\EncodingTraits.hpp">
      <Filter>Traits</Filter>
    </ClInclude>
    <ClInclude Include="traits\GlobalTraits.hpp">
      <Filter>Traits</Filter>
    </ClInclude>
    <ClInclude Include="traits\WindowTraits.hpp">
      <Filter>Traits</Filter>
    </ClInclude>
    <ClInclude Include="windows\WindowClass.hpp">
      <Filter>Windows</Filter>
    </ClInclude>
    <ClInclude Include="casts\OpaqueCast.hpp">
      <Filter>Casts</Filter>
    </ClInclude>
    <ClInclude Include="casts\StaticPtrCast.hpp">
      <Filter>Casts</Filter>
    </ClInclude>
    <ClInclude Include="Types.h">
      <Filter>Library</Filter>
    </ClInclude>
    <ClInclude Include="traits\WindowClassTraits.hpp">
      <Filter>Traits</Filter>
    </ClInclude>
    <ClInclude Include="threads\WorkerThread.hpp">
      <Filter>Threads</Filter>
    </ClInclude>
    <ClInclude Include="resources\DialogResource.hpp">
      <Filter>Resources</Filter>
    </ClInclude>
    <ClInclude Include="resources\StringResource.hpp">
      <Filter>Resources</Filter>
    </ClInclude>
    <ClInclude Include="traits\MenuTraits.hpp">
      <Filter>Traits</Filter>
    </ClInclude>
    <ClInclude Include="traits\BrushTraits.hpp">
      <Filter>Traits</Filter>
    </ClInclude>
    <ClInclude Include="traits\CursorTraits.hpp">
      <Filter>Traits</Filter>
    </ClInclude>
    <ClInclude Include="traits\IconTraits.hpp">
      <Filter>Traits</Filter>
    </ClInclude>
    <ClInclude Include="casts\EnumCast.hpp">
      <Filter>Casts</Filter>
    </ClInclude>
    <ClInclude Include="traits\AcceleratorTraits.hpp">
      <Filter>Traits</Filter>
    </ClInclude>
    <ClInclude Include="windows\MessageBox.hpp">
      <Filter>Windows</Filter>
    </ClInclude>
    <ClInclude Include="gdi\DeviceContext.hpp">
      <Filter>GDI</Filter>
    </ClInclude>
    <ClInclude Include="traits\DeviceContextTraits.hpp">
      <Filter>Traits</Filter>
    </ClInclude>
    <ClInclude Include="traits\FontTraits.hpp">
      <Filter>Traits</Filter>
    </ClInclude>
    <ClInclude Include="utils\Random.hpp">
      <Filter>Utils</Filter>
    </ClInclude>
    <ClInclude Include="platform\SystemVersion.hpp">
      <Filter>Platform</Filter>
    </ClInclude>
    <ClInclude Include="platform\DrawingFlags.hpp">
      <Filter>Platform</Filter>
    </ClInclude>
    <ClInclude Include="platform\Colours.hpp">
      <Filter>Platform</Filter>
    </ClInclude>
    <ClInclude Include="platform\WindowFlags.hpp">
      <Filter>Platform</Filter>
    </ClInclude>
    <ClInclude Include="platform\ControlStyles.hpp">
      <Filter>Platform</Filter>
    </ClInclude>
    <ClInclude Include="windows\Window.hpp">
      <Filter>Windows</Filter>
    </ClInclude>
    <ClInclude Include="windows\events\CreateWindowEvent.hpp">
      <Filter>Windows\Events</Filter>
    </ClInclude>
    <ClInclude Include="windows\events\DestroyWindowEvent.hpp">
      <Filter>Windows\Events</Filter>
    </ClInclude>
    <ClInclude Include="windows\events\PaintWindowEvent.hpp">
      <Filter>Windows\Events</Filter>
    </ClInclude>
    <ClInclude Include="windows\events\ShowWindowEvent.hpp">
      <Filter>Windows\Events</Filter>
    </ClInclude>
    <ClInclude Include="casts\BooleanCast.hpp">
      <Filter>Casts</Filter>
    </ClInclude>
    <ClInclude Include="platform\FileSearch.hpp">
      <Filter>Platform</Filter>
    </ClInclude>
    <ClInclude Include="windows\commands\PasteClipboardCommand.hpp">
      <Filter>Windows\Commands</Filter>
    </ClInclude>
    <ClInclude Include="utils\Queue.hpp">
      <Filter>Utils</Filter>
    </ClInclude>
    <ClInclude Include="traits\ModuleTraits.hpp">
      <Filter>Traits</Filter>
    </ClInclude>
    <ClInclude Include="modules\Application.hpp">
      <Filter>Modules</Filter>
    </ClInclude>
    <ClInclude Include="threads\MessagePump.hpp">
      <Filter>Threads</Filter>
    </ClInclude>
    <ClInclude Include="platform\CommonApi.hpp">
      <Filter>Platform</Filter>
    </ClInclude>
    <ClInclude Include="windows\commands\ExitProgramCommand.hpp">
      <Filter>Windows\Commands</Filter>
    </ClInclude>
    <ClInclude Include="utils\toString.hpp">
      <Filter>Utils</Filter>
    </ClInclude>
    <ClInclude Include="windows\events\CloseWindowEvent.hpp">
      <Filter>Windows\Events</Filter>
    </ClInclude>
    <ClInclude Include="windows\events\NotifyEventData.hpp">
      <Filter>Windows\Events</Filter>
    </ClInclude>
    <ClInclude Include="windows\Delegate.hpp">
      <Filter>Windows</Filter>
    </ClInclude>
    <ClInclude Include="resources\IconResource.hpp">
      <Filter>Resources</Filter>
    </ClInclude>
    <ClInclude Include="utils\List.hpp">
      <Filter>Utils</Filter>
    </ClInclude>
    <ClInclude Include="traits\BuildTraits.hpp">
      <Filter>Traits</Filter>
    </ClInclude>
    <ClInclude Include="platform\MenuFlags.hpp">
      <Filter>Platform</Filter>
    </ClInclude>
    <ClInclude Include="windows\commands\CopyClipboardCommand.hpp">
      <Filter>Windows\Commands</Filter>
    </ClInclude>
    <ClInclude Include="windows\commands\CutClipboardCommand.hpp">
      <Filter>Windows\Commands</Filter>
    </ClInclude>
    <ClInclude Include="windows\commands\AboutProgramCommand.hpp">
      <Filter>Windows\Commands</Filter>
    </ClInclude>
    <ClInclude Include="windows\commands\NewDocumentCommand.hpp">
      <Filter>Windows\Commands</Filter>
    </ClInclude>
    <ClInclude Include="windows\commands\OpenDocumentCommand.hpp">
      <Filter>Windows\Commands</Filter>
    </ClInclude>
    <ClInclude Include="windows\commands\SaveDocumentCommand.hpp">
      <Filter>Windows\Commands</Filter>
    </ClInclude>
    <ClInclude Include="utils\SFINAE.hpp">
      <Filter>Utils</Filter>
    </ClInclude>
    <ClInclude Include="utils\Clear.hpp">
      <Filter>Utils</Filter>
    </ClInclude>
    <ClInclude Include="utils\ForEach.hpp">
      <Filter>Utils</Filter>
    </ClInclude>
    <ClInclude Include="utils\Sequence.hpp">
      <Filter>Utils</Filter>
    </ClInclude>
    <ClInclude Include="utils\NameValuePair.hpp">
      <Filter>Utils</Filter>
    </ClInclude>
    <ClInclude Include="utils\PowerOf.hpp">
      <Filter>Utils</Filter>
    </ClInclude>
    <ClInclude Include="windows\Property.hpp">
      <Filter>Windows</Filter>
    </ClInclude>
    <ClInclude Include="utils\Constant.hpp">
      <Filter>Utils</Filter>
    </ClInclude>
    <ClInclude Include="utils\Default.hpp">
      <Filter>Utils</Filter>
    </ClInclude>
    <ClInclude Include="platform\Locale.hpp">
      <Filter>Platform</Filter>
    </ClInclude>
    <ClInclude Include="casts\BaseCast.hpp">
      <Filter>Casts</Filter>
    </ClInclude>
    <ClInclude Include="utils\Zero.hpp">
      <Filter>Utils</Filter>
    </ClInclude>
    <ClInclude Include="Constants.h">
      <Filter>Library</Filter>
    </ClInclude>
    <ClInclude Include="windows\events\PositionChangedEvent.hpp">
      <Filter>Windows\Events</Filter>
    </ClInclude>
    <ClInclude Include="utils\String.hpp">
      <Filter>Utils</Filter>
    </ClInclude>
    <ClInclude Include="platform\SystemFlags.hpp">
      <Filter>Platform</Filter>
    </ClInclude>
    <ClInclude Include="Resource.h">
      <Filter>Library</Filter>
    </ClInclude>
    <ClInclude Include="resources\ResourceBlob.hpp">
      <Filter>Resources</Filter>
    </ClInclude>
    <ClInclude Include="windows\events\OwnerDrawMenuEvent.hpp">
      <Filter>Windows\Events</Filter>
    </ClInclude>
    <ClInclude Include="windows\events\OwnerDrawCtrlEvent.hpp">
      <Filter>Windows\Events</Filter>
    </ClInclude>
    <ClInclude Include="windows\events\OwnerMeasureMenuEvent.hpp">
      <Filter>Windows\Events</Filter>
    </ClInclude>
    <ClInclude Include="windows\events\OwnerMeasureCtrlEvent.hpp">
      <Filter>Windows\Events</Filter>
    </ClInclude>
    <ClInclude Include="utils\LengthOf.hpp">
      <Filter>Utils</Filter>
    </ClInclude>
    <ClInclude Include="utils\Point.hpp">
      <Filter>Utils</Filter>
    </ClInclude>
    <ClInclude Include="utils\Rectangle.hpp">
      <Filter>Utils</Filter>
    </ClInclude>
    <ClInclude Include="utils\Size.hpp">
      <Filter>Utils</Filter>
    </ClInclude>
    <ClInclude Include="utils\Triangle.hpp">
      <Filter>Utils</Filter>
    </ClInclude>
    <ClInclude Include="utils\Allocator.hpp">
      <Filter>Utils</Filter>
    </ClInclude>
    <ClInclude Include="platform\WindowMessage.hpp">
      <Filter>Platform</Filter>
    </ClInclude>
    <ClInclude Include="utils\Array.hpp">
      <Filter>Utils</Filter>
    </ClInclude>
    <ClInclude Include="platform\DateTime.hpp">
      <Filter>Platform</Filter>
    </ClInclude>
    <ClInclude Include="utils\Encoding.hpp">
      <Filter>Utils</Filter>
    </ClInclude>
    <ClInclude Include="utils\DebugInfo.hpp">
      <Filter>Utils</Filter>
    </ClInclude>
    <ClInclude Include="windows\Command.hpp">
      <Filter>Windows</Filter>
    </ClInclude>
    <ClInclude Include="windows\CommandGroup.hpp">
      <Filter>Windows</Filter>
    </ClInclude>
    <ClInclude Include="windows\CommandQueue.hpp">
      <Filter>Windows</Filter>
    </ClInclude>
    <ClInclude Include="windows\events\CommandEvent.hpp">
      <Filter>Windows\Events</Filter>
    </ClInclude>
    <ClInclude Include="windows\Event.hpp">
      <Filter>Windows</Filter>
    </ClInclude>
    <ClInclude Include="utils\Stack.hpp">
      <Filter>Utils</Filter>
    </ClInclude>
    <ClInclude Include="utils\Requires.hpp">
      <Filter>Utils</Filter>
    </ClInclude>
    <ClInclude Include="windows\PropertyImpl.hpp">
      <Filter>Windows</Filter>
    </ClInclude>
    <ClInclude Include="windows\properties\ClientRectProperty.h">
      <Filter>Windows\Properties</Filter>
    </ClInclude>
    <ClInclude Include="windows\properties\ClientRectProperty.hpp">
      <Filter>Windows\Properties</Filter>
    </ClInclude>
    <ClInclude Include="windows\properties\EnabledProperty.h">
      <Filter>Windows\Properties</Filter>
    </ClInclude>
    <ClInclude Include="windows\properties\EnabledProperty.hpp">
      <Filter>Windows\Properties</Filter>
    </ClInclude>
    <ClInclude Include="windows\properties\FontProperty.h">
      <Filter>Windows\Properties</Filter>
    </ClInclude>
    <ClInclude Include="windows\properties\FontProperty.hpp">
      <Filter>Windows\Properties</Filter>
    </ClInclude>
    <ClInclude Include="windows\properties\IdentProperty.h">
      <Filter>Windows\Properties</Filter>
    </ClInclude>
    <ClInclude Include="windows\properties\IdentProperty.hpp">
      <Filter>Windows\Properties</Filter>
    </ClInclude>
    <ClInclude Include="windows\properties\PositionProperty.h">
      <Filter>Windows\Properties</Filter>
    </ClInclude>
    <ClInclude Include="windows\properties\PositionProperty.hpp">
      <Filter>Windows\Properties</Filter>
    </ClInclude>
    <ClInclude Include="windows\properties\SizeProperty.h">
      <Filter>Windows\Properties</Filter>
    </ClInclude>
    <ClInclude Include="windows\properties\SizeProperty.hpp">
      <Filter>Windows\Properties</Filter>
    </ClInclude>
    <ClInclude Include="windows\properties\StyleExProperty.h">
      <Filter>Windows\Properties</Filter>
    </ClInclude>
    <ClInclude Include="windows\properties\StyleExProperty.hpp">
      <Filter>Windows\Properties</Filter>
    </ClInclude>
    <ClInclude Include="windows\properties\StyleProperty.h">
      <Filter>Windows\Properties</Filter>
    </ClInclude>
    <ClInclude Include="windows\properties\StyleProperty.hpp">
      <Filter>Windows\Properties</Filter>
    </ClInclude>
    <ClInclude Include="windows\properties\TextLengthProperty.h">
      <Filter>Windows\Properties</Filter>
    </ClInclude>
    <ClInclude Include="windows\properties\TextLengthProperty.hpp">
      <Filter>Windows\Properties</Filter>
    </ClInclude>
    <ClInclude Include="windows\properties\TextProperty.h">
      <Filter>Windows\Properties</Filter>
    </ClInclude>
    <ClInclude Include="windows\properties\TextProperty.hpp">
      <Filter>Windows\Properties</Filter>
    </ClInclude>
    <ClInclude Include="windows\properties\VisibilityProperty.h">
      <Filter>Windows\Properties</Filter>
    </ClInclude>
    <ClInclude Include="windows\properties\VisibilityProperty.hpp">
      <Filter>Windows\Properties</Filter>
    </ClInclude>
    <ClInclude Include="windows\properties\WindowRectProperty.h">
      <Filter>Windows\Properties</Filter>
    </ClInclude>
    <ClInclude Include="windows\properties\WindowRectProperty.hpp">
      <Filter>Windows\Properties</Filter>
    </ClInclude>
    <ClInclude Include="utils\FormatSpec.hpp">
      <Filter>Utils</Filter>
    </ClInclude>
    <ClInclude Include="WinAPI.h">
      <Filter>Library</Filter>
    </ClInclude>
    <ClInclude Include="gdi\Theme.hpp">
      <Filter>GDI</Filter>
    </ClInclude>
    <ClInclude Include="traits\ThemeTraits.hpp">
      <Filter>Traits</Filter>
    </ClInclude>
    <ClInclude Include="platform\HResult.hpp">
      <Filter>Platform</Filter>
    </ClInclude>
    <ClInclude Include="utils\Concepts.hpp">
      <Filter>Utils</Filter>
    </ClInclude>
    <ClInclude Include="windows\ControlEventArgs.hpp">
      <Filter>Windows</Filter>
    </ClInclude>
    <ClInclude Include="windows\EventArgs.hpp">
      <Filter>Windows</Filter>
    </ClInclude>
    <ClInclude Include="windows\MenuItemInfo.hpp">
      <Filter>Windows</Filter>
    </ClInclude>
    <ClInclude Include="windows\PopupMenu.hpp">
      <Filter>Windows</Filter>
    </ClInclude>
    <ClInclude Include="windows\WindowMenu.hpp">
      <Filter>Windows</Filter>
    </ClInclude>
    <ClInclude Include="gdi\ImageList.hpp">
      <Filter>GDI</Filter>
    </ClInclude>
    <ClInclude Include="traits\ImageListTraits.hpp">
      <Filter>Traits</Filter>
    </ClInclude>
    <ClInclude Include="windows\WindowSkin.hpp">
      <Filter>Windows</Filter>
    </ClInclude>
    <ClInclude Include="windows\skins\ClassicSkin.hpp">
      <Filter>Windows\Skins</Filter>
    </ClInclude>
    <ClInclude Include="windows\skins\ThemedSkin.hpp">
      <Filter>Windows\Skins</Filter>
    </ClInclude>
    <ClInclude Include="windows\events\MouseMoveEvent.hpp">
      <Filter>Windows\Events</Filter>
    </ClInclude>
    <ClInclude Include="platform\MouseFlags.hpp">
      <Filter>Platform</Filter>
    </ClInclude>
    <ClInclude Include="windows\events\GainFocusEvent.hpp">
      <Filter>Windows\Events</Filter>
    </ClInclude>
    <ClInclude Include="windows\events\LoseFocusEvent.hpp">
      <Filter>Windows\Events</Filter>
    </ClInclude>
    <ClInclude Include="modules\ModuleCollection.h">
      <Filter>Modules</Filter>
    </ClInclude>
    <ClInclude Include="modules\Module.h">
      <Filter>Modules</Filter>
    </ClInclude>
    <ClInclude Include="windows\events\MouseEnterEvent.hpp">
      <Filter>Windows\Events</Filter>
    </ClInclude>
    <ClInclude Include="windows\events\MouseHoverEvent.hpp">
      <Filter>Windows\Events</Filter>
    </ClInclude>
    <ClInclude Include="windows\events\MouseLeaveEvent.hpp">
      <Filter>Windows\Events</Filter>
    </ClInclude>
    <ClInclude Include="windows\SubClass.hpp">
      <Filter>Windows</Filter>
    </ClInclude>
    <ClInclude Include="windows\MessageWindow.hpp">
      <Filter>Windows</Filter>
    </ClInclude>
    <ClInclude Include="windows\Control.hpp">
      <Filter>Windows</Filter>
    </ClInclude>
    <ClInclude Include="platform\Metrics.hpp">
      <Filter>Platform</Filter>
    </ClInclude>
    <ClInclude Include="windows\CommandId.hpp">
      <Filter>Windows</Filter>
    </ClInclude>
    <ClInclude Include="resources\ResourceId.hpp">
      <Filter>Resources</Filter>
    </ClInclude>
    <ClInclude Include="platform\StockObjects.hpp">
      <Filter>Platform</Filter>
    </ClInclude>
    <ClInclude Include="io\Console.hpp">
      <Filter>IO</Filter>
    </ClInclude>
    <ClInclude Include="utils\Path.hpp">
      <Filter>Utils</Filter>
    </ClInclude>
    <ClInclude Include="windows\properties\FocusProperty.h">
      <Filter>Windows\Properties</Filter>
    </ClInclude>
    <ClInclude Include="windows\properties\FocusProperty.hpp">
      <Filter>Windows\Properties</Filter>
    </ClInclude>
    <ClInclude Include="io\MemoryStream.hpp">
      <Filter>IO</Filter>
    </ClInclude>
    <ClInclude Include="platform\MsgResult.hpp">
      <Filter>Platform</Filter>
    </ClInclude>
    <ClInclude Include="traits\MessageTraits.hpp">
      <Filter>Traits</Filter>
    </ClInclude>
    <ClInclude Include="io\Socket.hpp">
      <Filter>IO</Filter>
    </ClInclude>
    <ClInclude Include="traits\SocketTraits.hpp">
      <Filter>Traits</Filter>
    </ClInclude>
    <ClInclude Include="platform\SocketFlags.hpp">
      <Filter>Platform</Filter>
    </ClInclude>
    <ClInclude Include="windows\NativeWindow.hpp">
      <Filter>Windows</Filter>
    </ClInclude>
    <ClInclude Include="windows\events\AsyncSocketEvent.hpp">
      <Filter>Windows\Events</Filter>
    </ClInclude>
    <ClInclude Include="io\Winsock.hpp">
      <Filter>IO</Filter>
    </ClInclude>
    <ClInclude Include="utils\ScopeGuard.hpp">
      <Filter>Utils</Filter>
    </ClInclude>
    <ClInclude Include="windows\controls\button\Button.hpp">
      <Filter>Windows\Controls\Button</Filter>
    </ClInclude>
    <ClInclude Include="windows\controls\button\ButtonClickEvent.hpp">
      <Filter>Windows\Controls\Button</Filter>
    </ClInclude>
    <ClInclude Include="windows\controls\button\ButtonIconProperty.h">
      <Filter>Windows\Controls\Button</Filter>
    </ClInclude>
    <ClInclude Include="windows\controls\button\ButtonIconProperty.hpp">
      <Filter>Windows\Controls\Button</Filter>
    </ClInclude>
    <ClInclude Include="windows\controls\button\ButtonStateProperty.h">
      <Filter>Windows\Controls\Button</Filter>
    </ClInclude>
    <ClInclude Include="windows\controls\button\ButtonStateProperty.hpp">
      <Filter>Windows\Controls\Button</Filter>
    </ClInclude>
    <ClInclude Include="windows\controls\edit\Edit.hpp">
      <Filter>Windows\Controls\Edit</Filter>
    </ClInclude>
    <ClInclude Include="windows\controls\edit\EditSelectionProperty.h">
      <Filter>Windows\Controls\Edit</Filter>
    </ClInclude>
    <ClInclude Include="windows\controls\edit\EditSelectionProperty.hpp">
      <Filter>Windows\Controls\Edit</Filter>
    </ClInclude>
    <ClInclude Include="windows\controls\checkbox\CheckBox.hpp">
      <Filter>Windows\Controls\CheckBox</Filter>
    </ClInclude>
    <ClInclude Include="windows\controls\checkbox\CheckBoxCheckedEvent.hpp">
      <Filter>Windows\Controls\CheckBox</Filter>
    </ClInclude>
    <ClInclude Include="windows\controls\checkbox\CheckBoxCheckProperty.h">
      <Filter>Windows\Controls\CheckBox</Filter>
    </ClInclude>
    <ClInclude Include="windows\controls\checkbox\CheckBoxCheckProperty.hpp">
      <Filter>Windows\Controls\CheckBox</Filter>
    </ClInclude>
    <ClInclude Include="windows\controls\combobox\ComboBox.hpp">
      <Filter>Windows\Controls\ComboBox</Filter>
    </ClInclude>
    <ClInclude Include="windows\controls\richedit\RichEdit.hpp">
      <Filter>Windows\Controls\RichEdit</Filter>
    </ClInclude>
    <ClInclude Include="windows\controls\richedit\RichEditBackColourProperty.h">
      <Filter>Windows\Controls\RichEdit</Filter>
    </ClInclude>
    <ClInclude Include="windows\controls\richedit\RichEditBackColourProperty.hpp">
      <Filter>Windows\Controls\RichEdit</Filter>
    </ClInclude>
    <ClInclude Include="windows\controls\richedit\RichEditCharFormatProperty.h">
      <Filter>Windows\Controls\RichEdit</Filter>
    </ClInclude>
    <ClInclude Include="windows\controls\richedit\RichEditCharFormatProperty.hpp">
      <Filter>Windows\Controls\RichEdit</Filter>
    </ClInclude>
    <ClInclude Include="windows\controls\richedit\RichEditParagraphFormatProperty.h">
      <Filter>Windows\Controls\RichEdit</Filter>
    </ClInclude>
    <ClInclude Include="windows\controls\richedit\RichEditParagraphFormatProperty.hpp">
      <Filter>Windows\Controls\RichEdit</Filter>
    </ClInclude>
    <ClInclude Include="windows\controls\richedit\RichEditSelectedTextProperty.h">
      <Filter>Windows\Controls\RichEdit</Filter>
    </ClInclude>
    <ClInclude Include="windows\controls\richedit\RichEditSelectedTextProperty.hpp">
      <Filter>Windows\Controls\RichEdit</Filter>
    </ClInclude>
    <ClInclude Include="windows\controls\static\Static.hpp">
      <Filter>Windows\Controls\Static</Filter>
    </ClInclude>
    <ClInclude Include="windows\controls\radiobutton\RadioButton.hpp">
      <Filter>Windows\Controls\RadioButton</Filter>
    </ClInclude>
    <ClInclude Include="windows\controls\radiobutton\RadioButtonCheckProperty.h">
      <Filter>Windows\Controls\RadioButton</Filter>
    </ClInclude>
    <ClInclude Include="windows\controls\radiobutton\RadioButtonCheckProperty.hpp">
      <Filter>Windows\Controls\RadioButton</Filter>
    </ClInclude>
    <ClInclude Include="windows\controls\button\ButtonConstants.hpp">
      <Filter>Windows\Controls\Button</Filter>
    </ClInclude>
    <ClInclude Include="windows\controls\edit\EditConstants.hpp">
      <Filter>Windows\Controls\Edit</Filter>
    </ClInclude>
    <ClInclude Include="windows\controls\combobox\ComboBoxConstants.hpp">
      <Filter>Windows\Controls\ComboBox</Filter>
    </ClInclude>
    <ClInclude Include="windows\controls\static\StaticConstants.hpp">
      <Filter>Windows\Controls\Static</Filter>
    </ClInclude>
    <ClInclude Include="windows\controls\richedit\RichEditConstants.hpp">
      <Filter>Windows\Controls\RichEdit</Filter>
    </ClInclude>
    <ClInclude Include="windows\events\ColourizeEvent.hpp">
      <Filter>Windows\Events</Filter>
    </ClInclude>
    <ClInclude Include="windows\controls\edit\EditModifiedProperty.h">
      <Filter>Windows\Controls\Edit</Filter>
    </ClInclude>
    <ClInclude Include="windows\controls\edit\EditModifiedProperty.hpp">
      <Filter>Windows\Controls\Edit</Filter>
    </ClInclude>
    <ClInclude Include="windows\controls\edit\EditReadOnlyProperty.h">
      <Filter>Windows\Controls\Edit</Filter>
    </ClInclude>
    <ClInclude Include="windows\controls\edit\EditReadOnlyProperty.hpp">
      <Filter>Windows\Controls\Edit</Filter>
    </ClInclude>
    <ClInclude Include="windows\controls\edit\EditLinesCollection.hpp">
      <Filter>Windows\Controls\Edit</Filter>
    </ClInclude>
    <ClInclude Include="windows\controls\edit\EditChangedEvent.hpp">
      <Filter>Windows\Controls\Edit</Filter>
    </ClInclude>
    <ClInclude Include="windows\controls\edit\EditMaxTextEvent.hpp">
      <Filter>Windows\Controls\Edit</Filter>
    </ClInclude>
    <ClInclude Include="windows\controls\edit\EditUpdatedEvent.hpp">
      <Filter>Windows\Controls\Edit</Filter>
    </ClInclude>
  </ItemGroup>
  <ItemGroup>
    <ClCompile Include="gdi\DeviceContext.cpp">
      <Filter>GDI</Filter>
    </ClCompile>
    <ClCompile Include="platform\Locale.cpp">
      <Filter>Platform</Filter>
    </ClCompile>
    <ClCompile Include="modules\Module.cpp">
      <Filter>Modules</Filter>
    </ClCompile>
    <ClCompile Include="modules\ModuleCollection.cpp">
      <Filter>Modules</Filter>
    </ClCompile>
    <ClCompile Include="platform\Metrics.cpp">
      <Filter>Platform</Filter>
    </ClCompile>
    <ClCompile Include="platform\StockObjects.cpp">
      <Filter>Platform</Filter>
    </ClCompile>
    <ClCompile Include="io\Console.cpp">
      <Filter>IO</Filter>
    </ClCompile>
  </ItemGroup>
</Project>